
Microsoft Visual Studio Solution File, Format Version 12.00
# Visual Studio 2012
Project("{FAE04EC0-301F-11D3-BF4B-00C04F79EFBC}") = "OrderService", "OrderService\OrderService.csproj", "{15B3E0D2-6217-493A-A690-158C497F5318}"
EndProject
Project("{FAE04EC0-301F-11D3-BF4B-00C04F79EFBC}") = "OrderService.Contracts", "OrderService.Contracts\OrderService.Contracts.csproj", "{DEDC711A-E21B-4330-99CE-19BC5FEA19A4}"
EndProject
Project("{FAE04EC0-301F-11D3-BF4B-00C04F79EFBC}") = "OrderService.SelfHost", "OrderService.Host\OrderService.SelfHost.csproj", "{2991C892-6F75-4802-A5A4-0E0749915426}"
EndProject
Project("{FAE04EC0-301F-11D3-BF4B-00C04F79EFBC}") = "OrderService.WebHost", "OrderService.WebHost\OrderService.WebHost.csproj", "{583A4CFC-42F5-4C04-A8CE-CFCEA8C8E3DE}"
EndProject
Project("{FAE04EC0-301F-11D3-BF4B-00C04F79EFBC}") = "OrderService.Client", "OrderService.Client\OrderService.Client.csproj", "{3B01A253-2A2A-4B08-9586-19691F34E8C1}"
EndProject
Global
	GlobalSection(SolutionConfigurationPlatforms) = preSolution
		Debug|Any CPU = Debug|Any CPU
		Release|Any CPU = Release|Any CPU
	EndGlobalSection
	GlobalSection(ProjectConfigurationPlatforms) = postSolution
		{15B3E0D2-6217-493A-A690-158C497F5318}.Debug|Any CPU.ActiveCfg = Debug|Any CPU
		{15B3E0D2-6217-493A-A690-158C497F5318}.Debug|Any CPU.Build.0 = Debug|Any CPU
		{15B3E0D2-6217-493A-A690-158C497F5318}.Release|Any CPU.ActiveCfg = Release|Any CPU
		{15B3E0D2-6217-493A-A690-158C497F5318}.Release|Any CPU.Build.0 = Release|Any CPU
		{DEDC711A-E21B-4330-99CE-19BC5FEA19A4}.Debug|Any CPU.ActiveCfg = Debug|Any CPU
		{DEDC711A-E21B-4330-99CE-19BC5FEA19A4}.Debug|Any CPU.Build.0 = Debug|Any CPU
		{DEDC711A-E21B-4330-99CE-19BC5FEA19A4}.Release|Any CPU.ActiveCfg = Release|Any CPU
		{DEDC711A-E21B-4330-99CE-19BC5FEA19A4}.Release|Any CPU.Build.0 = Release|Any CPU
		{2991C892-6F75-4802-A5A4-0E0749915426}.Debug|Any CPU.ActiveCfg = Debug|Any CPU
		{2991C892-6F75-4802-A5A4-0E0749915426}.Debug|Any CPU.Build.0 = Debug|Any CPU
		{2991C892-6F75-4802-A5A4-0E0749915426}.Release|Any CPU.ActiveCfg = Release|Any CPU
		{2991C892-6F75-4802-A5A4-0E0749915426}.Release|Any CPU.Build.0 = Release|Any CPU
		{583A4CFC-42F5-4C04-A8CE-CFCEA8C8E3DE}.Debug|Any CPU.ActiveCfg = Debug|Any CPU
		{583A4CFC-42F5-4C04-A8CE-CFCEA8C8E3DE}.Debug|Any CPU.Build.0 = Debug|Any CPU
		{583A4CFC-42F5-4C04-A8CE-CFCEA8C8E3DE}.Release|Any CPU.ActiveCfg = Release|Any CPU
		{583A4CFC-42F5-4C04-A8CE-CFCEA8C8E3DE}.Release|Any CPU.Build.0 = Release|Any CPU
		{3B01A253-2A2A-4B08-9586-19691F34E8C1}.Debug|Any CPU.ActiveCfg = Debug|Any CPU
		{3B01A253-2A2A-4B08-9586-19691F34E8C1}.Debug|Any CPU.Build.0 = Debug|Any CPU
		{3B01A253-2A2A-4B08-9586-19691F34E8C1}.Release|Any CPU.ActiveCfg = Release|Any CPU
		{3B01A253-2A2A-4B08-9586-19691F34E8C1}.Release|Any CPU.Build.0 = Release|Any CPU
	EndGlobalSection
	GlobalSection(SolutionProperties) = preSolution
		HideSolutionNode = FALSE
	EndGlobalSection
EndGlobal
